Microsoft Visual Studio Solution File, Format Version 12.00
# Visual Studio Version 18
VisualStudioVersion = 18.11.12202.211 insiders
MinimumVisualStudioVersion = 10.0.40219.1
Project("{FAE04EC0-301F-11D3-BF4B-00C04F79EFBC}") = "fire", "src\fire\fire.csproj", "{AA91B1F0-A14A-462E-84C8-44D9DB01D116}"
EndProject
Project("{FAE04EC0-301F-11D3-BF4B-00C04F79EFBC}") = "fire.Editor", "src\fire.Editor\fire.Editor.csproj", "{1A89D1D1-4A8F-4535-8B04-DB5F1027F0B1}"
EndProject
Project("{FAE04EC0-301F-11D3-BF4B-00C04F79EFBC}") = "fire.Terminal", "src\fire.Terminal\fire.Terminal.csproj", "{B84A0D26-E678-4379-A75C-EF1DCAB1761A}"
EndProject
Project("{FAE04EC0-301F-11D3-BF4B-00C04F79EFBC}") = "fire.Terminal.Sdl", "src\fire.Terminal.Sdl\fire.Terminal.Sdl.csproj", "{A6A482C7-4DE2-489F-81CA-FBCFB5766C5F}"
EndProject
Project("{FAE04EC0-301F-11D3-BF4B-00C04F79EFBC}") = "fire.Terminal.Windows", "src\fire.Terminal.Windows\fire.Terminal.Windows.csproj", "{EB2C11AC-ED32-408B-A8E6-E7539E31349F}"
EndProject
Project("{FAE04EC0-301F-11D3-BF4B-00C04F79EFBC}") = "fire.Terminal.Bridge", "src\fire.Terminal.Bridge\fire.Terminal.Bridge.csproj", "{DAED3D53-A708-4CA3-AD09-EFCC61AAA9CE}"
EndProject
Project("{FAE04EC0-301F-11D3-BF4B-00C04F79EFBC}") = "fire.Terminal.Bridge.Test", "src\fire.Terminal.Bridge.Test\fire.Terminal.Bridge.Test.csproj", "{84FE2CA5-E3AE-4D02-A62E-E8A09F3C32CA}"
EndProject
Global
	GlobalSection(SolutionConfigurationPlatforms) = preSolution
		Debug|Any CPU = Debug|Any CPU
		Release|Any CPU = Release|Any CPU
	EndGlobalSection
	GlobalSection(ProjectConfigurationPlatforms) = postSolution
		{AA91B1F0-A14A-462E-84C8-44D9DB01D116}.Debug|Any CPU.ActiveCfg = Debug|Any CPU
		{AA91B1F0-A14A-462E-84C8-44D9DB01D116}.Debug|Any CPU.Build.0 = Debug|Any CPU
		{AA91B1F0-A14A-462E-84C8-44D9DB01D116}.Release|Any CPU.ActiveCfg = Release|Any CPU
		{AA91B1F0-A14A-462E-84C8-44D9DB01D116}.Release|Any CPU.Build.0 = Release|Any CPU
		{1A89D1D1-4A8F-4535-8B04-DB5F1027F0B1}.Debug|Any CPU.ActiveCfg = Debug|Any CPU
		{1A89D1D1-4A8F-4535-8B04-DB5F1027F0B1}.Debug|Any CPU.Build.0 = Debug|Any CPU
		{1A89D1D1-4A8F-4535-8B04-DB5F1027F0B1}.Release|Any CPU.ActiveCfg = Release|Any CPU
		{1A89D1D1-4A8F-4535-8B04-DB5F1027F0B1}.Release|Any CPU.Build.0 = Release|Any CPU
		{B84A0D26-E678-4379-A75C-EF1DCAB1761A}.Debug|Any CPU.ActiveCfg = Debug|Any CPU
		{B84A0D26-E678-4379-A75C-EF1DCAB1761A}.Debug|Any CPU.Build.0 = Debug|Any CPU
		{B84A0D26-E678-4379-A75C-EF1DCAB1761A}.Release|Any CPU.ActiveCfg = Release|Any CPU
		{B84A0D26-E678-4379-A75C-EF1DCAB1761A}.Release|Any CPU.Build.0 = Release|Any CPU
		{A6A482C7-4DE2-489F-81CA-FBCFB5766C5F}.Debug|Any CPU.ActiveCfg = Debug|Any CPU
		{A6A482C7-4DE2-489F-81CA-FBCFB5766C5F}.Debug|Any CPU.Build.0 = Debug|Any CPU
		{A6A482C7-4DE2-489F-81CA-FBCFB5766C5F}.Release|Any CPU.ActiveCfg = Release|Any CPU
		{A6A482C7-4DE2-489F-81CA-FBCFB5766C5F}.Release|Any CPU.Build.0 = Release|Any CPU
		{EB2C11AC-ED32-408B-A8E6-E7539E31349F}.Debug|Any CPU.ActiveCfg = Debug|Any CPU
		{EB2C11AC-ED32-408B-A8E6-E7539E31349F}.Debug|Any CPU.Build.0 = Debug|Any CPU
		{EB2C11AC-ED32-408B-A8E6-E7539E31349F}.Release|Any CPU.ActiveCfg = Release|Any CPU
		{EB2C11AC-ED32-408B-A8E6-E7539E31349F}.Release|Any CPU.Build.0 = Release|Any CPU
		{DAED3D53-A708-4CA3-AD09-EFCC61AAA9CE}.Debug|Any CPU.ActiveCfg = Debug|Any CPU
		{DAED3D53-A708-4CA3-AD09-EFCC61AAA9CE}.Debug|Any CPU.Build.0 = Debug|Any CPU
		{DAED3D53-A708-4CA3-AD09-EFCC61AAA9CE}.Release|Any CPU.ActiveCfg = Release|Any CPU
		{DAED3D53-A708-4CA3-AD09-EFCC61AAA9CE}.Release|Any CPU.Build.0 = Release|Any CPU
		{84FE2CA5-E3AE-4D02-A62E-E8A09F3C32CA}.Debug|Any CPU.ActiveCfg = Debug|Any CPU
		{84FE2CA5-E3AE-4D02-A62E-E8A09F3C32CA}.Debug|Any CPU.Build.0 = Debug|Any CPU
		{84FE2CA5-E3AE-4D02-A62E-E8A09F3C32CA}.Release|Any CPU.ActiveCfg = Release|Any CPU
		{84FE2CA5-E3AE-4D02-A62E-E8A09F3C32CA}.Release|Any CPU.Build.0 = Release|Any CPU
	EndGlobalSection
	GlobalSection(SolutionProperties) = preSolution
		HideSolutionNode = FALSE
	EndGlobalSection
EndGlobal
